{
  "name": "RestView",
  "lockfileVersion": 3,
  "requires": true,
  "packages": {
    "": {
      "dependencies": {
        "@fontsource/poppins": "^5.2.7"
      }
    },
    "node_modules/@fontsource/poppins": {
      "version": "5.2.7",
      "resolved": "https://registry.npmjs.org/@fontsource/poppins/-/poppins-5.2.7.tgz",
      "integrity": "sha512-6uQyPmseo4FgI97WIhA4yWRlNaoLk4vSDK/PyRwdqqZb5zAEuc+Kunt8JTMcsHYUEGYBtN15SNkMajMdqUSUmg==",
      "license": "OFL-1.1",
      "funding": {
        "url": "https://github.com/sponsors/ayuhito"
      }
    }
  }
}
